
Microsoft Visual Studio Solution File, Format Version 12.00
# Visual Studio Version 16
VisualStudioVersion = 16.0.33130.400
MinimumVisualStudioVersion = 10.0.40219.1
Project("{888888A0-9F3D-457C-B088-3A5042F75D52}") = "Conways game of life", "Conways game of life\Conways game of life.pyproj", "{B8A4CE4C-5B07-4F5A-8D18-FE22A9FDD356}"
EndProject
Global
	GlobalSection(SolutionConfigurationPlatforms) = preSolution
		Debug|Any CPU = Debug|Any CPU
		Release|Any CPU = Release|Any CPU
	EndGlobalSection
	GlobalSection(ProjectConfigurationPlatforms) = postSolution
		{B8A4CE4C-5B07-4F5A-8D18-FE22A9FDD356}.Debug|Any CPU.ActiveCfg = Debug|Any CPU
		{B8A4CE4C-5B07-4F5A-8D18-FE22A9FDD356}.Release|Any CPU.ActiveCfg = Release|Any CPU
	EndGlobalSection
	GlobalSection(SolutionProperties) = preSolution
		HideSolutionNode = FALSE
	EndGlobalSection
	GlobalSection(ExtensibilityGlobals) = postSolution
		SolutionGuid = {F7C851F6-543C-42FD-9E87-683AA2F9B6AE}
	EndGlobalSection
EndGlobal
